
Microsoft Visual Studio Solution File, Format Version 12.00
# Visual Studio Version 16
VisualStudioVersion = 16.0.30330.147
MinimumVisualStudioVersion = 10.0.40219.1
Project("{9A19103F-16F7-4668-BE54-9A1E7A4F7556}") = "DevOpsTest", "DevOpsTest.csproj", "{A9AA249B-151B-464D-BAA7-3A7B5C56FC6F}"
EndProject
Project("{FAE04EC0-301F-11D3-BF4B-00C04F79EFBC}") = "DevOpsTest.Test", "..\DevOpsTest.Test\DevOpsTest.Test.csproj", "{1F9292F6-4E5E-4164-A299-73AE49A507F1}"
EndProject
Global
	GlobalSection(SolutionConfigurationPlatforms) = preSolution
		Debug|Any CPU = Debug|Any CPU
		Release|Any CPU = Release|Any CPU
	EndGlobalSection
	GlobalSection(ProjectConfigurationPlatforms) = postSolution
		{A9AA249B-151B-464D-BAA7-3A7B5C56FC6F}.Debug|Any CPU.ActiveCfg = Debug|Any CPU
		{A9AA249B-151B-464D-BAA7-3A7B5C56FC6F}.Debug|Any CPU.Build.0 = Debug|Any CPU
		{A9AA249B-151B-464D-BAA7-3A7B5C56FC6F}.Release|Any CPU.ActiveCfg = Release|Any CPU
		{A9AA249B-151B-464D-BAA7-3A7B5C56FC6F}.Release|Any CPU.Build.0 = Release|Any CPU
		{1F9292F6-4E5E-4164-A299-73AE49A507F1}.Debug|Any CPU.ActiveCfg = Debug|Any CPU
		{1F9292F6-4E5E-4164-A299-73AE49A507F1}.Debug|Any CPU.Build.0 = Debug|Any CPU
		{1F9292F6-4E5E-4164-A299-73AE49A507F1}.Release|Any CPU.ActiveCfg = Release|Any CPU
		{1F9292F6-4E5E-4164-A299-73AE49A507F1}.Release|Any CPU.Build.0 = Release|Any CPU
	EndGlobalSection
	GlobalSection(SolutionProperties) = preSolution
		HideSolutionNode = FALSE
	EndGlobalSection
	GlobalSection(ExtensibilityGlobals) = postSolution
		SolutionGuid = {6B6E00F4-1863-419A-881F-FAA4E89529C0}
	EndGlobalSection
EndGlobal
